
Microsoft Visual Studio Solution File, Format Version 12.00
# Visual Studio Version 17
VisualStudioVersion = 17.13.35825.156 d17.13
MinimumVisualStudioVersion = 10.0.40219.1
Project("{8BC9CEB8-8B4A-11D0-8D11-00A0C91BC942}") = "ConsoleApplication8", "ConsoleApplication8\ConsoleApplication8.vcxproj", "{E9F0C4EB-4742-45F0-9675-BC038EC4E0C8}"
EndProject
Global
	GlobalSection(SolutionConfigurationPlatforms) = preSolution
		Debug|x64 = Debug|x64
		Debug|x86 = Debug|x86
		Release|x64 = Release|x64
		Release|x86 = Release|x86
	EndGlobalSection
	GlobalSection(ProjectConfigurationPlatforms) = postSolution
		{E9F0C4EB-4742-45F0-9675-BC038EC4E0C8}.Debug|x64.ActiveCfg = Debug|x64
		{E9F0C4EB-4742-45F0-9675-BC038EC4E0C8}.Debug|x64.Build.0 = Debug|x64
		{E9F0C4EB-4742-45F0-9675-BC038EC4E0C8}.Debug|x86.ActiveCfg = Debug|Win32
		{E9F0C4EB-4742-45F0-9675-BC038EC4E0C8}.Debug|x86.Build.0 = Debug|Win32
		{E9F0C4EB-4742-45F0-9675-BC038EC4E0C8}.Release|x64.ActiveCfg = Release|x64
		{E9F0C4EB-4742-45F0-9675-BC038EC4E0C8}.Release|x64.Build.0 = Release|x64
		{E9F0C4EB-4742-45F0-9675-BC038EC4E0C8}.Release|x86.ActiveCfg = Release|Win32
		{E9F0C4EB-4742-45F0-9675-BC038EC4E0C8}.Release|x86.Build.0 = Release|Win32
	EndGlobalSection
	GlobalSection(SolutionProperties) = preSolution
		HideSolutionNode = FALSE
	EndGlobalSection
	GlobalSection(ExtensibilityGlobals) = postSolution
		SolutionGuid = {46027037-A765-44FB-8B00-C34CDF2B1C9E}
	EndGlobalSection
EndGlobal
